
Microsoft Visual Studio Solution File, Format Version 12.00
# Visual Studio Version 16
VisualStudioVersion = 16.0.31613.86
MinimumVisualStudioVersion = 10.0.40219.1
Project("{FAE04EC0-301F-11D3-BF4B-00C04F79EFBC}") = "VueJsCrudMvc", "VueJsCrudMvc\VueJsCrudMvc.csproj", "{939A1B47-C6B6-4731-88DC-E9F848825E11}"
EndProject
Global
	GlobalSection(SolutionConfigurationPlatforms) = preSolution
		Debug|Any CPU = Debug|Any CPU
		Release|Any CPU = Release|Any CPU
	EndGlobalSection
	GlobalSection(ProjectConfigurationPlatforms) = postSolution
		{939A1B47-C6B6-4731-88DC-E9F848825E11}.Debug|Any CPU.ActiveCfg = Debug|Any CPU
		{939A1B47-C6B6-4731-88DC-E9F848825E11}.Debug|Any CPU.Build.0 = Debug|Any CPU
		{939A1B47-C6B6-4731-88DC-E9F848825E11}.Release|Any CPU.ActiveCfg = Release|Any CPU
		{939A1B47-C6B6-4731-88DC-E9F848825E11}.Release|Any CPU.Build.0 = Release|Any CPU
	EndGlobalSection
	GlobalSection(SolutionProperties) = preSolution
		HideSolutionNode = FALSE
	EndGlobalSection
	GlobalSection(ExtensibilityGlobals) = postSolution
		SolutionGuid = {1F12E196-8EEC-4AF4-8B04-7BF440E5A1D3}
	EndGlobalSection
EndGlobal
